// !$*UTF8*$!
{
	archiveVersion = 1;
	classes = {
	};
	objectVersion = 46;
	objects = {

/* Begin PBXBuildFile section */
		A66C3A2C13C59302006C8E20 /* UIKit.framework in Frameworks */ = {isa = PBXBuildFile; fileRef = A66C3A2B13C59302006C8E20 /* UIKit.framework */; };
		A66C3A2E13C59302006C8E20 /* Foundation.framework in Frameworks */ = {isa = PBXBuildFile; fileRef = A66C3A2D13C59302006C8E20 /* Foundation.framework */; };
		A66C3A3013C59302006C8E20 /* CoreGraphics.framework in Frameworks */ = {isa = PBXBuildFile; fileRef = A66C3A2F13C59302006C8E20 /* CoreGraphics.framework */; };
		A66C3A3613C59302006C8E20 /* InfoPlist.strings in Resources */ = {isa = PBXBuildFile; fileRef = A66C3A3413C59302006C8E20 /* InfoPlist.strings */; };
		A66C3A3813C59302006C8E20 /* main.m in Sources */ = {isa = PBXBuildFile; fileRef = A66C3A3713C59302006C8E20 /* main.m */; };
		A66C3A3C13C59302006C8E20 /* Allocating_and_Making_Use_of_DictionariesAppDelegate.m in Sources */ = {isa = PBXBuildFile; fileRef = A66C3A3B13C59302006C8E20 /* Allocating_and_Making_Use_of_DictionariesAppDelegate.m */; };
/* End PBXBuildFile section */

/* Begin PBXFileReference section */
		A66C3A2713C59302006C8E20 /* Allocating and Making Use of Dictionaries.app */ = {isa = PBXFileReference; explicitFileType = wrapper.application; includeInIndex = 0; path = "Allocating and Making Use of Dictionaries.app"; sourceTree = BUILT_PRODUCTS_DIR; };
		A66C3A2B13C59302006C8E20 /* UIKit.framework */ = {isa = PBXFileReference; lastKnownFileType = wrapper.framework; name = UIKit.framework; path = System/Library/Frameworks/UIKit.framework; sourceTree = SDKROOT; };
		A66C3A2D13C59302006C8E20 /* Foundation.framework */ = {isa = PBXFileReference; lastKnownFileType = wrapper.framework; name = Foundation.framework; path = System/Library/Frameworks/Foundation.framework; sourceTree = SDKROOT; };
		A66C3A2F13C59302006C8E20 /* CoreGraphics.framework */ = {isa = PBXFileReference; lastKnownFileType = wrapper.framework; name = CoreGraphics.framework; path = System/Library/Frameworks/CoreGraphics.framework; sourceTree = SDKROOT; };
		A66C3A3313C59302006C8E20 /* Allocating and Making Use of Dictionaries-Info.plist */ = {isa = PBXFileReference; lastKnownFileType = text.plist.xml; path = "Allocating and Making Use of Dictionaries-Info.plist"; sourceTree = "<group>"; };
		A66C3A3513C59302006C8E20 /* en */ = {isa = PBXFileReference; lastKnownFileType = text.plist.strings; name = en; path = en.lproj/InfoPlist.strings; sourceTree = "<group>"; };
		A66C3A3713C59302006C8E20 /* main.m */ = {isa = PBXFileReference; lastKnownFileType = sourcecode.c.objc; path = main.m; sourceTree = "<group>"; };
		A66C3A3913C59302006C8E20 /* Allocating and Making Use of Dictionaries-Prefix.pch */ = {isa = PBXFileReference; lastKnownFileType = sourcecode.c.h; path = "Allocating and Making Use of Dictionaries-Prefix.pch"; sourceTree = "<group>"; };
		A66C3A3A13C59302006C8E20 /* Allocating_and_Making_Use_of_DictionariesAppDelegate.h */ = {isa = PBXFileReference; lastKnownFileType = sourcecode.c.h; path = Allocating_and_Making_Use_of_DictionariesAppDelegate.h; sourceTree = "<group>"; };
		A66C3A3B13C59302006C8E20 /* Allocating_and_Making_Use_of_DictionariesAppDelegate.m */ = {isa = PBXFileReference; lastKnownFileType = sourcecode.c.objc; path = Allocating_and_Making_Use_of_DictionariesAppDelegate.m; sourceTree = "<group>"; };
/* End PBXFileReference section */

/* Begin PBXFrameworksBuildPhase section */
		A66C3A2413C59302006C8E20 /* Frameworks */ = {
			isa = PBXFrameworksBuildPhase;
			buildActionMask = 2147483647;
			files = (
				A66C3A2C13C59302006C8E20 /* UIKit.framework in Frameworks */,
				A66C3A2E13C59302006C8E20 /* Foundation.framework in Frameworks */,
				A66C3A3013C59302006C8E20 /* CoreGraphics.framework in Frameworks */,
			);
			runOnlyForDeploymentPostprocessing = 0;
		};
/* End PBXFrameworksBuildPhase section */

/* Begin PBXGroup section */
		A66C3A1C13C59302006C8E20 = {
			isa = PBXGroup;
			children = (
				A66C3A3113C59302006C8E20 /* Allocating and Making Use of Dictionaries */,
				A66C3A2A13C59302006C8E20 /* Frameworks */,
				A66C3A2813C59302006C8E20 /* Products */,
			);
			sourceTree = "<group>";
		};
		A66C3A2813C59302006C8E20 /* Products */ = {
			isa = PBXGroup;
			children = (
				A66C3A2713C59302006C8E20 /* Allocating and Making Use of Dictionaries.app */,
			);
			name = Products;
			sourceTree = "<group>";
		};
		A66C3A2A13C59302006C8E20 /* Frameworks */ = {
			isa = PBXGroup;
			children = (
				A66C3A2B13C59302006C8E20 /* UIKit.framework */,
				A66C3A2D13C59302006C8E20 /* Foundation.framework */,
				A66C3A2F13C59302006C8E20 /* CoreGraphics.framework */,
			);
			name = Frameworks;
			sourceTree = "<group>";
		};
		A66C3A3113C59302006C8E20 /* Allocating and Making Use of Dictionaries */ = {
			isa = PBXGroup;
			children = (
				A66C3A3A13C59302006C8E20 /* Allocating_and_Making_Use_of_DictionariesAppDelegate.h */,
				A66C3A3B13C59302006C8E20 /* Allocating_and_Making_Use_of_DictionariesAppDelegate.m */,
				A66C3A3213C59302006C8E20 /* Supporting Files */,
			);
			path = "Allocating and Making Use of Dictionaries";
			sourceTree = "<group>";
		};
		A66C3A3213C59302006C8E20 /* Supporting Files */ = {
			isa = PBXGroup;
			children = (
				A66C3A3313C59302006C8E20 /* Allocating and Making Use of Dictionaries-Info.plist */,
				A66C3A3413C59302006C8E20 /* InfoPlist.strings */,
				A66C3A3713C59302006C8E20 /* main.m */,
				A66C3A3913C59302006C8E20 /* Allocating and Making Use of Dictionaries-Prefix.pch */,
			);
			name = "Supporting Files";
			sourceTree = "<group>";
		};
/* End PBXGroup section */

/* Begin PBXNativeTarget section */
		A66C3A2613C59302006C8E20 /* Allocating and Making Use of Dictionaries */ = {
			isa = PBXNativeTarget;
			buildConfigurationList = A66C3A3F13C59302006C8E20 /* Build configuration list for PBXNativeTarget "Allocating and Making Use of Dictionaries" */;
			buildPhases = (
				A66C3A2313C59302006C8E20 /* Sources */,
				A66C3A2413C59302006C8E20 /* Frameworks */,
				A66C3A2513C59302006C8E20 /* Resources */,
			);
			buildRules = (
			);
			dependencies = (
			);
			name = "Allocating and Making Use of Dictionaries";
			productName = "Allocating and Making Use of Dictionaries";
			productReference = A66C3A2713C59302006C8E20 /* Allocating and Making Use of Dictionaries.app */;
			productType = "com.apple.product-type.application";
		};
/* End PBXNativeTarget section */

/* Begin PBXProject section */
		A66C3A1E13C59302006C8E20 /* Project object */ = {
			isa = PBXProject;
			attributes = {
				LastUpgradeCheck = 0420;
				ORGANIZATIONNAME = "Pixolity Ltd.";
			};
			buildConfigurationList = A66C3A2113C59302006C8E20 /* Build configuration list for PBXProject "Allocating and Making Use of Dictionaries" */;
			compatibilityVersion = "Xcode 3.2";
			developmentRegion = English;
			hasScannedForEncodings = 0;
			knownRegions = (
				en,
			);
			mainGroup = A66C3A1C13C59302006C8E20;
			productRefGroup = A66C3A2813C59302006C8E20 /* Products */;
			projectDirPath = "";
			projectRoot = "";
			targets = (
				A66C3A2613C59302006C8E20 /* Allocating and Making Use of Dictionaries */,
			);
		};
/* End PBXProject section */

/* Begin PBXResourcesBuildPhase section */
		A66C3A2513C59302006C8E20 /* Resources */ = {
			isa = PBXResourcesBuildPhase;
			buildActionMask = 2147483647;
			files = (
				A66C3A3613C59302006C8E20 /* InfoPlist.strings in Resources */,
			);
			runOnlyForDeploymentPostprocessing = 0;
		};
/* End PBXResourcesBuildPhase section */

/* Begin PBXSourcesBuildPhase section */
		A66C3A2313C59302006C8E20 /* Sources */ = {
			isa = PBXSourcesBuildPhase;
			buildActionMask = 2147483647;
			files = (
				A66C3A3813C59302006C8E20 /* main.m in Sources */,
				A66C3A3C13C59302006C8E20 /* Allocating_and_Making_Use_of_DictionariesAppDelegate.m in Sources */,
			);
			runOnlyForDeploymentPostprocessing = 0;
		};
/* End PBXSourcesBuildPhase section */

/* Begin PBXVariantGroup section */
		A66C3A3413C59302006C8E20 /* InfoPlist.strings */ = {
			isa = PBXVariantGroup;
			children = (
				A66C3A3513C59302006C8E20 /* en */,
			);
			name = InfoPlist.strings;
			sourceTree = "<group>";
		};
/* End PBXVariantGroup section */

/* Begin XCBuildConfiguration section */
		A66C3A3D13C59302006C8E20 /* Debug */ = {
			isa = XCBuildConfiguration;
			buildSettings = {
				ALWAYS_SEARCH_USER_PATHS = NO;
				ARCHS = "$(ARCHS_STANDARD_32_BIT)";
				CLANG_ENABLE_OBJC_ARC = YES;
				"CODE_SIGN_IDENTITY[sdk=iphoneos*]" = "iPhone Developer";
				COPY_PHASE_STRIP = NO;
				GCC_C_LANGUAGE_STANDARD = gnu99;
				GCC_DYNAMIC_NO_PIC = NO;
				GCC_OPTIMIZATION_LEVEL = 0;
				GCC_PREPROCESSOR_DEFINITIONS = (
					"DEBUG=1",
					"$(inherited)",
				);
				GCC_SYMBOLS_PRIVATE_EXTERN = NO;
				GCC_VERSION = com.apple.compilers.llvm.clang.1_0;
				GCC_WARN_ABOUT_MISSING_PROTOTYPES = YES;
				GCC_WARN_ABOUT_RETURN_TYPE = YES;
				GCC_WARN_UNUSED_VARIABLE = YES;
				IPHONEOS_DEPLOYMENT_TARGET = 5.0;
				SDKROOT = iphoneos;
				TARGETED_DEVICE_FAMILY = "1,2";
			};
			name = Debug;
		};
		A66C3A3E13C59302006C8E20 /* Release */ = {
			isa = XCBuildConfiguration;
			buildSettings = {
				ALWAYS_SEARCH_USER_PATHS = NO;
				ARCHS = "$(ARCHS_STANDARD_32_BIT)";
				CLANG_ENABLE_OBJC_ARC = YES;
				"CODE_SIGN_IDENTITY[sdk=iphoneos*]" = "iPhone Developer";
				COPY_PHASE_STRIP = YES;
				GCC_C_LANGUAGE_STANDARD = gnu99;
				GCC_VERSION = com.apple.compilers.llvm.clang.1_0;
				GCC_WARN_ABOUT_MISSING_PROTOTYPES = YES;
				GCC_WARN_ABOUT_RETURN_TYPE = YES;
				GCC_WARN_UNUSED_VARIABLE = YES;
				IPHONEOS_DEPLOYMENT_TARGET = 5.0;
				OTHER_CFLAGS = "-DNS_BLOCK_ASSERTIONS=1";
				SDKROOT = iphoneos;
				TARGETED_DEVICE_FAMILY = "1,2";
				VALIDATE_PRODUCT = YES;
			};
			name = Release;
		};
		A66C3A4013C59302006C8E20 /* Debug */ = {
			isa = XCBuildConfiguration;
			buildSettings = {
				GCC_PRECOMPILE_PREFIX_HEADER = YES;
				GCC_PREFIX_HEADER = "Allocating and Making Use of Dictionaries/Allocating and Making Use of Dictionaries-Prefix.pch";
				INFOPLIST_FILE = "Allocating and Making Use of Dictionaries/Allocating and Making Use of Dictionaries-Info.plist";
				PRODUCT_NAME = "$(TARGET_NAME)";
				WRAPPER_EXTENSION = app;
			};
			name = Debug;
		};
		A66C3A4113C59302006C8E20 /* Release */ = {
			isa = XCBuildConfiguration;
			buildSettings = {
				GCC_PRECOMPILE_PREFIX_HEADER = YES;
				GCC_PREFIX_HEADER = "Allocating and Making Use of Dictionaries/Allocating and Making Use of Dictionaries-Prefix.pch";
				INFOPLIST_FILE = "Allocating and Making Use of Dictionaries/Allocating and Making Use of Dictionaries-Info.plist";
				PRODUCT_NAME = "$(TARGET_NAME)";
				WRAPPER_EXTENSION = app;
			};
			name = Release;
		};
/* End XCBuildConfiguration section */

/* Begin XCConfigurationList section */
		A66C3A2113C59302006C8E20 /* Build configuration list for PBXProject "Allocating and Making Use of Dictionaries" */ = {
			isa = XCConfigurationList;
			buildConfigurations = (
				A66C3A3D13C59302006C8E20 /* Debug */,
				A66C3A3E13C59302006C8E20 /* Release */,
			);
			defaultConfigurationIsVisible = 0;
			defaultConfigurationName = Release;
		};
		A66C3A3F13C59302006C8E20 /* Build configuration list for PBXNativeTarget "Allocating and Making Use of Dictionaries" */ = {
			isa = XCConfigurationList;
			buildConfigurations = (
				A66C3A4013C59302006C8E20 /* Debug */,
				A66C3A4113C59302006C8E20 /* Release */,
			);
			defaultConfigurationIsVisible = 0;
			defaultConfigurationName = Release;
		};
/* End XCConfigurationList section */
	};
	rootObject = A66C3A1E13C59302006C8E20 /* Project object */;
}
